
Microsoft Visual Studio Solution File, Format Version 12.00
# Visual Studio Version 17
VisualStudioVersion = 17.2.32519.379
MinimumVisualStudioVersion = 10.0.40219.1
Project("{9A19103F-16F7-4668-BE54-9A1E7A4F7556}") = "DiscordBot", "DiscordBot\DiscordBot.csproj", "{AACE2FBD-B9DB-4B79-A67D-8D70B53D04AD}"
EndProject
Global
	GlobalSection(SolutionConfigurationPlatforms) = preSolution
		Debug|Any CPU = Debug|Any CPU
		Release|Any CPU = Release|Any CPU
	EndGlobalSection
	GlobalSection(ProjectConfigurationPlatforms) = postSolution
		{AACE2FBD-B9DB-4B79-A67D-8D70B53D04AD}.Debug|Any CPU.ActiveCfg = Debug|Any CPU
		{AACE2FBD-B9DB-4B79-A67D-8D70B53D04AD}.Debug|Any CPU.Build.0 = Debug|Any CPU
		{AACE2FBD-B9DB-4B79-A67D-8D70B53D04AD}.Release|Any CPU.ActiveCfg = Release|Any CPU
		{AACE2FBD-B9DB-4B79-A67D-8D70B53D04AD}.Release|Any CPU.Build.0 = Release|Any CPU
	EndGlobalSection
	GlobalSection(SolutionProperties) = preSolution
		HideSolutionNode = FALSE
	EndGlobalSection
	GlobalSection(ExtensibilityGlobals) = postSolution
		SolutionGuid = {F314351A-49AC-4117-A3E2-7583D36541DF}
	EndGlobalSection
EndGlobal
