
Microsoft Visual Studio Solution File, Format Version 12.00
# Visual Studio Version 17
VisualStudioVersion = 17.2.32519.379
MinimumVisualStudioVersion = 10.0.40219.1
Project("{9A19103F-16F7-4668-BE54-9A1E7A4F7556}") = "DiscordBot", "DiscordBot\DiscordBot.csproj", "{AACE2FBD-B9DB-4B79-A67D-8D70B53D04AD}"
EndProject
Project("{2150E333-8FDC-42A3-9474-1A3956D46DE8}") = "ApiClient", "ApiClient", "{EAA2F14B-523A-4798-BC9A-E3F9434EBBEA}"
EndProject
Project("{9A19103F-16F7-4668-BE54-9A1E7A4F7556}") = "Sample.Api.Client", "Sample.ApiClient\Sample.Api.Client.csproj", "{CFBAB4A5-629A-4D59-9CED-854CE422E875}"
EndProject
Project("{9A19103F-16F7-4668-BE54-9A1E7A4F7556}") = "Sample.Api.Model", "Sample.Api.Model\Sample.Api.Model.csproj", "{6D0C4C70-0794-4344-BF82-B252E4E2B066}"
EndProject
Project("{2150E333-8FDC-42A3-9474-1A3956D46DE8}") = "Kernel", "Kernel", "{87C60991-AB29-40C4-9242-FEC2A2486256}"
EndProject
Project("{2150E333-8FDC-42A3-9474-1A3956D46DE8}") = "Api.Client", "Api.Client", "{906BD871-B7D4-42FB-AE67-62145A0DB63C}"
EndProject
Project("{9A19103F-16F7-4668-BE54-9A1E7A4F7556}") = "Kernel.Api.Client", "Kernel.Api.Client\Kernel.Api.Client.csproj", "{10806FE2-9A8A-4016-8795-EA56671F7F51}"
EndProject
Project("{2150E333-8FDC-42A3-9474-1A3956D46DE8}") = "Extensions", "Extensions", "{E5E88E02-307D-479C-9FC4-5022531A41E0}"
EndProject
Project("{9A19103F-16F7-4668-BE54-9A1E7A4F7556}") = "Extensions", "Extensions\Extensions.csproj", "{500E4400-A3F8-4343-861D-C57C530230EE}"
EndProject
Project("{2150E333-8FDC-42A3-9474-1A3956D46DE8}") = "SampleTest", "SampleTest", "{EEA79FB2-D941-44BC-B1AC-506C624A74C0}"
EndProject
Project("{FAE04EC0-301F-11D3-BF4B-00C04F79EFBC}") = "SerilogSample", "SerilogSample\SerilogSample.csproj", "{685EDDC1-AC57-42E1-BA8F-D0162CD4A88F}"
EndProject
Global
	GlobalSection(SolutionConfigurationPlatforms) = preSolution
		Debug|Any CPU = Debug|Any CPU
		Release|Any CPU = Release|Any CPU
	EndGlobalSection
	GlobalSection(ProjectConfigurationPlatforms) = postSolution
		{AACE2FBD-B9DB-4B79-A67D-8D70B53D04AD}.Debug|Any CPU.ActiveCfg = Debug|Any CPU
		{AACE2FBD-B9DB-4B79-A67D-8D70B53D04AD}.Debug|Any CPU.Build.0 = Debug|Any CPU
		{AACE2FBD-B9DB-4B79-A67D-8D70B53D04AD}.Release|Any CPU.ActiveCfg = Release|Any CPU
		{AACE2FBD-B9DB-4B79-A67D-8D70B53D04AD}.Release|Any CPU.Build.0 = Release|Any CPU
		{CFBAB4A5-629A-4D59-9CED-854CE422E875}.Debug|Any CPU.ActiveCfg = Debug|Any CPU
		{CFBAB4A5-629A-4D59-9CED-854CE422E875}.Debug|Any CPU.Build.0 = Debug|Any CPU
		{CFBAB4A5-629A-4D59-9CED-854CE422E875}.Release|Any CPU.ActiveCfg = Release|Any CPU
		{CFBAB4A5-629A-4D59-9CED-854CE422E875}.Release|Any CPU.Build.0 = Release|Any CPU
		{6D0C4C70-0794-4344-BF82-B252E4E2B066}.Debug|Any CPU.ActiveCfg = Debug|Any CPU
		{6D0C4C70-0794-4344-BF82-B252E4E2B066}.Debug|Any CPU.Build.0 = Debug|Any CPU
		{6D0C4C70-0794-4344-BF82-B252E4E2B066}.Release|Any CPU.ActiveCfg = Release|Any CPU
		{6D0C4C70-0794-4344-BF82-B252E4E2B066}.Release|Any CPU.Build.0 = Release|Any CPU
		{10806FE2-9A8A-4016-8795-EA56671F7F51}.Debug|Any CPU.ActiveCfg = Debug|Any CPU
		{10806FE2-9A8A-4016-8795-EA56671F7F51}.Debug|Any CPU.Build.0 = Debug|Any CPU
		{10806FE2-9A8A-4016-8795-EA56671F7F51}.Release|Any CPU.ActiveCfg = Release|Any CPU
		{10806FE2-9A8A-4016-8795-EA56671F7F51}.Release|Any CPU.Build.0 = Release|Any CPU
		{500E4400-A3F8-4343-861D-C57C530230EE}.Debug|Any CPU.ActiveCfg = Debug|Any CPU
		{500E4400-A3F8-4343-861D-C57C530230EE}.Debug|Any CPU.Build.0 = Debug|Any CPU
		{500E4400-A3F8-4343-861D-C57C530230EE}.Release|Any CPU.ActiveCfg = Release|Any CPU
		{500E4400-A3F8-4343-861D-C57C530230EE}.Release|Any CPU.Build.0 = Release|Any CPU
		{685EDDC1-AC57-42E1-BA8F-D0162CD4A88F}.Debug|Any CPU.ActiveCfg = Debug|Any CPU
		{685EDDC1-AC57-42E1-BA8F-D0162CD4A88F}.Debug|Any CPU.Build.0 = Debug|Any CPU
		{685EDDC1-AC57-42E1-BA8F-D0162CD4A88F}.Release|Any CPU.ActiveCfg = Release|Any CPU
		{685EDDC1-AC57-42E1-BA8F-D0162CD4A88F}.Release|Any CPU.Build.0 = Release|Any CPU
	EndGlobalSection
	GlobalSection(SolutionProperties) = preSolution
		HideSolutionNode = FALSE
	EndGlobalSection
	GlobalSection(NestedProjects) = preSolution
		{CFBAB4A5-629A-4D59-9CED-854CE422E875} = {EAA2F14B-523A-4798-BC9A-E3F9434EBBEA}
		{6D0C4C70-0794-4344-BF82-B252E4E2B066} = {EAA2F14B-523A-4798-BC9A-E3F9434EBBEA}
		{906BD871-B7D4-42FB-AE67-62145A0DB63C} = {87C60991-AB29-40C4-9242-FEC2A2486256}
		{10806FE2-9A8A-4016-8795-EA56671F7F51} = {906BD871-B7D4-42FB-AE67-62145A0DB63C}
		{E5E88E02-307D-479C-9FC4-5022531A41E0} = {87C60991-AB29-40C4-9242-FEC2A2486256}
		{500E4400-A3F8-4343-861D-C57C530230EE} = {E5E88E02-307D-479C-9FC4-5022531A41E0}
		{685EDDC1-AC57-42E1-BA8F-D0162CD4A88F} = {EEA79FB2-D941-44BC-B1AC-506C624A74C0}
	EndGlobalSection
	GlobalSection(ExtensibilityGlobals) = postSolution
		SolutionGuid = {F314351A-49AC-4117-A3E2-7583D36541DF}
	EndGlobalSection
EndGlobal
